---

- name: block example
  hosts: nodes

  tasks:
    - name: install apache
      block:
        - package:
            name: "{{ item }}"
            state: installed
          with_items:
            - httpd
            - elinks
            - mod_ssl

        - service:
            name: httpd
            state: started
            enalbed: True
      when: ansible_distribution == 'CentOS'
